
Microsoft Visual Studio Solution File, Format Version 12.00
# Visual Studio Version 16
VisualStudioVersion = 16.0.30503.244
MinimumVisualStudioVersion = 10.0.40219.1
Project("{FAE04EC0-301F-11D3-BF4B-00C04F79EFBC}") = "HOANGHUYTUAN_5951071116", "HOANGHUYTUAN_5951071116\HOANGHUYTUAN_5951071116.csproj", "{839B56F0-B901-490B-AC1E-1B972C91D6F1}"
EndProject
Global
	GlobalSection(SolutionConfigurationPlatforms) = preSolution
		Debug|Any CPU = Debug|Any CPU
		Release|Any CPU = Release|Any CPU
	EndGlobalSection
	GlobalSection(ProjectConfigurationPlatforms) = postSolution
		{839B56F0-B901-490B-AC1E-1B972C91D6F1}.Debug|Any CPU.ActiveCfg = Debug|Any CPU
		{839B56F0-B901-490B-AC1E-1B972C91D6F1}.Debug|Any CPU.Build.0 = Debug|Any CPU
		{839B56F0-B901-490B-AC1E-1B972C91D6F1}.Release|Any CPU.ActiveCfg = Release|Any CPU
		{839B56F0-B901-490B-AC1E-1B972C91D6F1}.Release|Any CPU.Build.0 = Release|Any CPU
	EndGlobalSection
	GlobalSection(SolutionProperties) = preSolution
		HideSolutionNode = FALSE
	EndGlobalSection
	GlobalSection(ExtensibilityGlobals) = postSolution
		SolutionGuid = {B5227A9F-9CCF-4D8A-A8BD-703286DDDA5F}
	EndGlobalSection
EndGlobal
